{
  "object": {
    "pins": [
      {
        "package": "CombineExpectations",
        "repositoryURL": "https://github.com/groue/CombineExpectations.git",
        "state": {
          "branch": null,
          "revision": "96d5604151c94b21fbca6877b237e80af9e821dd",
          "version": "0.5.0"
        }
      }
    ]
  },
  "version": 1
}
